
Microsoft Visual Studio Solution File, Format Version 12.00
# Visual Studio Version 17
VisualStudioVersion = 17.7.34031.279
MinimumVisualStudioVersion = 10.0.40219.1
Project("{8BC9CEB8-8B4A-11D0-8D11-00A0C91BC942}") = "ch02app01simpleapp", "ch02app01simpleapp\ch02app01simpleapp.vcxproj", "{1F862357-E190-449D-B0DD-F50E8A5A46E3}"
EndProject
Project("{8BC9CEB8-8B4A-11D0-8D11-00A0C91BC942}") = "ch02app01simpleapp2", "ch02app01simpleapp2\ch02app01simpleapp2.vcxproj", "{C4D51144-ABA7-4935-9432-A6DEB1394F88}"
EndProject
Project("{8BC9CEB8-8B4A-11D0-8D11-00A0C91BC942}") = "ch02app02usingshaders", "ch02app02usingshaders\ch02app02usingshaders.vcxproj", "{0B938472-FC88-47DE-B9ED-E78A69634FC6}"
EndProject
Project("{8BC9CEB8-8B4A-11D0-8D11-00A0C91BC942}") = "ch02app03firsttriangle", "ch02app03firsttriangle\ch02app03firsttriangle.vcxproj", "{AD9A818A-022D-49B6-A86D-36516753CA90}"
EndProject
Project("{8BC9CEB8-8B4A-11D0-8D11-00A0C91BC942}") = "ch03app01vertexattributes", "ch03app01vertexattributes\ch03app01vertexattributes.vcxproj", "{313291E4-DECF-485C-8B85-EAC695789853}"
EndProject
Project("{8BC9CEB8-8B4A-11D0-8D11-00A0C91BC942}") = "ch03app02databetweenstages", "ch03app02databetweenstages\ch03app02databetweenstages.vcxproj", "{33604555-03AB-4E9A-A36C-EA47F0C1D78E}"
EndProject
Project("{8BC9CEB8-8B4A-11D0-8D11-00A0C91BC942}") = "ch03app03interfaceblocks", "ch03app03interfaceblocks\ch03app03interfaceblocks.vcxproj", "{77476AB0-813B-4BB3-94F3-1CA1A2454E36}"
EndProject
Global
	GlobalSection(SolutionConfigurationPlatforms) = preSolution
		Debug|x64 = Debug|x64
		Release|x64 = Release|x64
	EndGlobalSection
	GlobalSection(ProjectConfigurationPlatforms) = postSolution
		{1F862357-E190-449D-B0DD-F50E8A5A46E3}.Debug|x64.ActiveCfg = Debug|x64
		{1F862357-E190-449D-B0DD-F50E8A5A46E3}.Debug|x64.Build.0 = Debug|x64
		{1F862357-E190-449D-B0DD-F50E8A5A46E3}.Release|x64.ActiveCfg = Release|x64
		{1F862357-E190-449D-B0DD-F50E8A5A46E3}.Release|x64.Build.0 = Release|x64
		{C4D51144-ABA7-4935-9432-A6DEB1394F88}.Debug|x64.ActiveCfg = Debug|x64
		{C4D51144-ABA7-4935-9432-A6DEB1394F88}.Debug|x64.Build.0 = Debug|x64
		{C4D51144-ABA7-4935-9432-A6DEB1394F88}.Release|x64.ActiveCfg = Release|x64
		{C4D51144-ABA7-4935-9432-A6DEB1394F88}.Release|x64.Build.0 = Release|x64
		{0B938472-FC88-47DE-B9ED-E78A69634FC6}.Debug|x64.ActiveCfg = Debug|x64
		{0B938472-FC88-47DE-B9ED-E78A69634FC6}.Debug|x64.Build.0 = Debug|x64
		{0B938472-FC88-47DE-B9ED-E78A69634FC6}.Release|x64.ActiveCfg = Release|x64
		{0B938472-FC88-47DE-B9ED-E78A69634FC6}.Release|x64.Build.0 = Release|x64
		{AD9A818A-022D-49B6-A86D-36516753CA90}.Debug|x64.ActiveCfg = Debug|x64
		{AD9A818A-022D-49B6-A86D-36516753CA90}.Debug|x64.Build.0 = Debug|x64
		{AD9A818A-022D-49B6-A86D-36516753CA90}.Release|x64.ActiveCfg = Release|x64
		{AD9A818A-022D-49B6-A86D-36516753CA90}.Release|x64.Build.0 = Release|x64
		{313291E4-DECF-485C-8B85-EAC695789853}.Debug|x64.ActiveCfg = Debug|x64
		{313291E4-DECF-485C-8B85-EAC695789853}.Debug|x64.Build.0 = Debug|x64
		{313291E4-DECF-485C-8B85-EAC695789853}.Release|x64.ActiveCfg = Release|x64
		{313291E4-DECF-485C-8B85-EAC695789853}.Release|x64.Build.0 = Release|x64
		{33604555-03AB-4E9A-A36C-EA47F0C1D78E}.Debug|x64.ActiveCfg = Debug|x64
		{33604555-03AB-4E9A-A36C-EA47F0C1D78E}.Debug|x64.Build.0 = Debug|x64
		{33604555-03AB-4E9A-A36C-EA47F0C1D78E}.Release|x64.ActiveCfg = Release|x64
		{33604555-03AB-4E9A-A36C-EA47F0C1D78E}.Release|x64.Build.0 = Release|x64
		{77476AB0-813B-4BB3-94F3-1CA1A2454E36}.Debug|x64.ActiveCfg = Debug|x64
		{77476AB0-813B-4BB3-94F3-1CA1A2454E36}.Debug|x64.Build.0 = Debug|x64
		{77476AB0-813B-4BB3-94F3-1CA1A2454E36}.Release|x64.ActiveCfg = Release|x64
		{77476AB0-813B-4BB3-94F3-1CA1A2454E36}.Release|x64.Build.0 = Release|x64
	EndGlobalSection
	GlobalSection(SolutionProperties) = preSolution
		HideSolutionNode = FALSE
	EndGlobalSection
	GlobalSection(ExtensibilityGlobals) = postSolution
		SolutionGuid = {C109257E-E845-47D2-B386-FF9DB1B09D61}
	EndGlobalSection
EndGlobal
